// !$*UTF8*$!
{
	archiveVersion = 1;
	classes = {
	};
	objectVersion = 56;
	objects = {

/* Begin PBXBuildFile section */
		DE0E235E2B0DF9BF00375A73 /* KeyPressHandlingView.swift in Sources */ = {isa = PBXBuildFile; fileRef = DE0E235D2B0DF9BF00375A73 /* KeyPressHandlingView.swift */; };
		DE36F2A02B1383EE005443F4 /* Countly in Frameworks */ = {isa = PBXBuildFile; productRef = DE36F29F2B1383EE005443F4 /* Countly */; };
		DE658D0E2AD6B0BE0006A5EE /* slideshowSwiftUIApp.swift in Sources */ = {isa = PBXBuildFile; fileRef = DE658D0D2AD6B0BE0006A5EE /* slideshowSwiftUIApp.swift */; };
		DE658D102AD6B0BE0006A5EE /* ContentView.swift in Sources */ = {isa = PBXBuildFile; fileRef = DE658D0F2AD6B0BE0006A5EE /* ContentView.swift */; };
		DE658D122AD6B0BE0006A5EE /* Assets.xcassets in Resources */ = {isa = PBXBuildFile; fileRef = DE658D112AD6B0BE0006A5EE /* Assets.xcassets */; };
		DE658D152AD6B0BE0006A5EE /* Preview Assets.xcassets in Resources */ = {isa = PBXBuildFile; fileRef = DE658D142AD6B0BE0006A5EE /* Preview Assets.xcassets */; };
		DE658D1D2AD6B0F60006A5EE /* ImageView.swift in Sources */ = {isa = PBXBuildFile; fileRef = DE658D1C2AD6B0F60006A5EE /* ImageView.swift */; };
		DE658D1F2AD6BE0F0006A5EE /* SlideshowView.swift in Sources */ = {isa = PBXBuildFile; fileRef = DE658D1E2AD6BE0F0006A5EE /* SlideshowView.swift */; };
		DEB660CE2B9C705A006A3D2C /* AnimatedImageView.swift in Sources */ = {isa = PBXBuildFile; fileRef = DEB660CD2B9C705A006A3D2C /* AnimatedImageView.swift */; };
		DED7DC822B2DE14100B9CD6B /* Sparkle in Frameworks */ = {isa = PBXBuildFile; productRef = DED7DC812B2DE14100B9CD6B /* Sparkle */; };
		DEFBB5C12B3DB900002CB4F9 /* UpdateControllerWrapper.swift in Sources */ = {isa = PBXBuildFile; fileRef = DEFBB5C02B3DB900002CB4F9 /* UpdateControllerWrapper.swift */; };
		DEFC0CAD2B1F45BB0021E507 /* SlideshowManager.swift in Sources */ = {isa = PBXBuildFile; fileRef = DEFC0CAC2B1F45BB0021E507 /* SlideshowManager.swift */; };
/* End PBXBuildFile section */

/* Begin PBXFileReference section */
		DE0E235D2B0DF9BF00375A73 /* KeyPressHandlingView.swift */ = {isa = PBXFileReference; lastKnownFileType = sourcecode.swift; path = KeyPressHandlingView.swift; sourceTree = "<group>"; };
		DE658D0A2AD6B0BE0006A5EE /* Slideshower for macOS.app */ = {isa = PBXFileReference; explicitFileType = wrapper.application; includeInIndex = 0; path = "Slideshower for macOS.app"; sourceTree = BUILT_PRODUCTS_DIR; };
		DE658D0D2AD6B0BE0006A5EE /* slideshowSwiftUIApp.swift */ = {isa = PBXFileReference; lastKnownFileType = sourcecode.swift; path = slideshowSwiftUIApp.swift; sourceTree = "<group>"; };
		DE658D0F2AD6B0BE0006A5EE /* ContentView.swift */ = {isa = PBXFileReference; lastKnownFileType = sourcecode.swift; path = ContentView.swift; sourceTree = "<group>"; };
		DE658D112AD6B0BE0006A5EE /* Assets.xcassets */ = {isa = PBXFileReference; lastKnownFileType = folder.assetcatalog; path = Assets.xcassets; sourceTree = "<group>"; };
		DE658D142AD6B0BE0006A5EE /* Preview Assets.xcassets */ = {isa = PBXFileReference; lastKnownFileType = folder.assetcatalog; path = "Preview Assets.xcassets"; sourceTree = "<group>"; };
		DE658D162AD6B0BE0006A5EE /* slideshowSwiftUI.entitlements */ = {isa = PBXFileReference; lastKnownFileType = text.plist.entitlements; path = slideshowSwiftUI.entitlements; sourceTree = "<group>"; };
		DE658D1C2AD6B0F60006A5EE /* ImageView.swift */ = {isa = PBXFileReference; lastKnownFileType = sourcecode.swift; path = ImageView.swift; sourceTree = "<group>"; };
		DE658D1E2AD6BE0F0006A5EE /* SlideshowView.swift */ = {isa = PBXFileReference; lastKnownFileType = sourcecode.swift; path = SlideshowView.swift; sourceTree = "<group>"; };
		DEB660CD2B9C705A006A3D2C /* AnimatedImageView.swift */ = {isa = PBXFileReference; lastKnownFileType = sourcecode.swift; path = AnimatedImageView.swift; sourceTree = "<group>"; };
		DEF47B342AE7DF9500A9A5DC /* Info.plist */ = {isa = PBXFileReference; lastKnownFileType = text.plist; path = Info.plist; sourceTree = "<group>"; };
		DEFBB5C02B3DB900002CB4F9 /* UpdateControllerWrapper.swift */ = {isa = PBXFileReference; lastKnownFileType = sourcecode.swift; path = UpdateControllerWrapper.swift; sourceTree = "<group>"; };
		DEFC0CAC2B1F45BB0021E507 /* SlideshowManager.swift */ = {isa = PBXFileReference; lastKnownFileType = sourcecode.swift; path = SlideshowManager.swift; sourceTree = "<group>"; };
/* End PBXFileReference section */

/* Begin PBXFrameworksBuildPhase section */
		DE658D072AD6B0BE0006A5EE /* Frameworks */ = {
			isa = PBXFrameworksBuildPhase;
			buildActionMask = 2147483647;
			files = (
				DE36F2A02B1383EE005443F4 /* Countly in Frameworks */,
				DED7DC822B2DE14100B9CD6B /* Sparkle in Frameworks */,
			);
			runOnlyForDeploymentPostprocessing = 0;
		};
/* End PBXFrameworksBuildPhase section */

/* Begin PBXGroup section */
		DE658D012AD6B0BE0006A5EE = {
			isa = PBXGroup;
			children = (
				DE658D0C2AD6B0BE0006A5EE /* slideshowSwiftUI */,
				DE658D0B2AD6B0BE0006A5EE /* Products */,
			);
			sourceTree = "<group>";
		};
		DE658D0B2AD6B0BE0006A5EE /* Products */ = {
			isa = PBXGroup;
			children = (
				DE658D0A2AD6B0BE0006A5EE /* Slideshower for macOS.app */,
			);
			name = Products;
			sourceTree = "<group>";
		};
		DE658D0C2AD6B0BE0006A5EE /* slideshowSwiftUI */ = {
			isa = PBXGroup;
			children = (
				DEF47B342AE7DF9500A9A5DC /* Info.plist */,
				DE0E235D2B0DF9BF00375A73 /* KeyPressHandlingView.swift */,
				DE658D0D2AD6B0BE0006A5EE /* slideshowSwiftUIApp.swift */,
				DE658D1E2AD6BE0F0006A5EE /* SlideshowView.swift */,
				DEB660CD2B9C705A006A3D2C /* AnimatedImageView.swift */,
				DE658D0F2AD6B0BE0006A5EE /* ContentView.swift */,
				DEFC0CAC2B1F45BB0021E507 /* SlideshowManager.swift */,
				DEFBB5C02B3DB900002CB4F9 /* UpdateControllerWrapper.swift */,
				DE658D1C2AD6B0F60006A5EE /* ImageView.swift */,
				DE658D112AD6B0BE0006A5EE /* Assets.xcassets */,
				DE658D162AD6B0BE0006A5EE /* slideshowSwiftUI.entitlements */,
				DE658D132AD6B0BE0006A5EE /* Preview Content */,
			);
			path = slideshowSwiftUI;
			sourceTree = "<group>";
		};
		DE658D132AD6B0BE0006A5EE /* Preview Content */ = {
			isa = PBXGroup;
			children = (
				DE658D142AD6B0BE0006A5EE /* Preview Assets.xcassets */,
			);
			path = "Preview Content";
			sourceTree = "<group>";
		};
/* End PBXGroup section */

/* Begin PBXNativeTarget section */
		DE658D092AD6B0BE0006A5EE /* Slideshower for macOS */ = {
			isa = PBXNativeTarget;
			buildConfigurationList = DE658D192AD6B0BE0006A5EE /* Build configuration list for PBXNativeTarget "Slideshower for macOS" */;
			buildPhases = (
				DE658D062AD6B0BE0006A5EE /* Sources */,
				DE658D072AD6B0BE0006A5EE /* Frameworks */,
				DE658D082AD6B0BE0006A5EE /* Resources */,
			);
			buildRules = (
			);
			dependencies = (
			);
			name = "Slideshower for macOS";
			packageProductDependencies = (
				DE36F29F2B1383EE005443F4 /* Countly */,
				DED7DC812B2DE14100B9CD6B /* Sparkle */,
			);
			productName = slideshowSwiftUI;
			productReference = DE658D0A2AD6B0BE0006A5EE /* Slideshower for macOS.app */;
			productType = "com.apple.product-type.application";
		};
/* End PBXNativeTarget section */

/* Begin PBXProject section */
		DE658D022AD6B0BE0006A5EE /* Project object */ = {
			isa = PBXProject;
			attributes = {
				BuildIndependentTargetsInParallel = 1;
				LastSwiftUpdateCheck = 1500;
				LastUpgradeCheck = 1520;
				TargetAttributes = {
					DE658D092AD6B0BE0006A5EE = {
						CreatedOnToolsVersion = 15.0;
					};
				};
			};
			buildConfigurationList = DE658D052AD6B0BE0006A5EE /* Build configuration list for PBXProject "Slideshower for macOS" */;
			compatibilityVersion = "Xcode 14.0";
			developmentRegion = en;
			hasScannedForEncodings = 0;
			knownRegions = (
				en,
				Base,
			);
			mainGroup = DE658D012AD6B0BE0006A5EE;
			packageReferences = (
				DE36F29E2B1383EE005443F4 /* XCRemoteSwiftPackageReference "countly-sdk-ios" */,
				DED7DC802B2DE14100B9CD6B /* XCRemoteSwiftPackageReference "Sparkle" */,
			);
			productRefGroup = DE658D0B2AD6B0BE0006A5EE /* Products */;
			projectDirPath = "";
			projectRoot = "";
			targets = (
				DE658D092AD6B0BE0006A5EE /* Slideshower for macOS */,
			);
		};
/* End PBXProject section */

/* Begin PBXResourcesBuildPhase section */
		DE658D082AD6B0BE0006A5EE /* Resources */ = {
			isa = PBXResourcesBuildPhase;
			buildActionMask = 2147483647;
			files = (
				DE658D152AD6B0BE0006A5EE /* Preview Assets.xcassets in Resources */,
				DE658D122AD6B0BE0006A5EE /* Assets.xcassets in Resources */,
			);
			runOnlyForDeploymentPostprocessing = 0;
		};
/* End PBXResourcesBuildPhase section */

/* Begin PBXSourcesBuildPhase section */
		DE658D062AD6B0BE0006A5EE /* Sources */ = {
			isa = PBXSourcesBuildPhase;
			buildActionMask = 2147483647;
			files = (
				DE0E235E2B0DF9BF00375A73 /* KeyPressHandlingView.swift in Sources */,
				DE658D1D2AD6B0F60006A5EE /* ImageView.swift in Sources */,
				DEFC0CAD2B1F45BB0021E507 /* SlideshowManager.swift in Sources */,
				DEB660CE2B9C705A006A3D2C /* AnimatedImageView.swift in Sources */,
				DEFBB5C12B3DB900002CB4F9 /* UpdateControllerWrapper.swift in Sources */,
				DE658D102AD6B0BE0006A5EE /* ContentView.swift in Sources */,
				DE658D0E2AD6B0BE0006A5EE /* slideshowSwiftUIApp.swift in Sources */,
				DE658D1F2AD6BE0F0006A5EE /* SlideshowView.swift in Sources */,
			);
			runOnlyForDeploymentPostprocessing = 0;
		};
/* End PBXSourcesBuildPhase section */

/* Begin XCBuildConfiguration section */
		DE658D172AD6B0BE0006A5EE /* Debug */ = {
			isa = XCBuildConfiguration;
			buildSettings = {
				ALWAYS_SEARCH_USER_PATHS = NO;
				ASSETCATALOG_COMPILER_GENERATE_SWIFT_ASSET_SYMBOL_EXTENSIONS = YES;
				CLANG_ANALYZER_NONNULL = YES;
				CLANG_ANALYZER_NUMBER_OBJECT_CONVERSION = YES_AGGRESSIVE;
				CLANG_CXX_LANGUAGE_STANDARD = "gnu++20";
				CLANG_ENABLE_MODULES = YES;
				CLANG_ENABLE_OBJC_ARC = YES;
				CLANG_ENABLE_OBJC_WEAK = YES;
				CLANG_WARN_BLOCK_CAPTURE_AUTORELEASING = YES;
				CLANG_WARN_BOOL_CONVERSION = YES;
				CLANG_WARN_COMMA = YES;
				CLANG_WARN_CONSTANT_CONVERSION = YES;
				CLANG_WARN_DEPRECATED_OBJC_IMPLEMENTATIONS = YES;
				CLANG_WARN_DIRECT_OBJC_ISA_USAGE = YES_ERROR;
				CLANG_WARN_DOCUMENTATION_COMMENTS = YES;
				CLANG_WARN_EMPTY_BODY = YES;
				CLANG_WARN_ENUM_CONVERSION = YES;
				CLANG_WARN_INFINITE_RECURSION = YES;
				CLANG_WARN_INT_CONVERSION = YES;
				CLANG_WARN_NON_LITERAL_NULL_CONVERSION = YES;
				CLANG_WARN_OBJC_IMPLICIT_RETAIN_SELF = YES;
				CLANG_WARN_OBJC_LITERAL_CONVERSION = YES;
				CLANG_WARN_OBJC_ROOT_CLASS = YES_ERROR;
				CLANG_WARN_QUOTED_INCLUDE_IN_FRAMEWORK_HEADER = YES;
				CLANG_WARN_RANGE_LOOP_ANALYSIS = YES;
				CLANG_WARN_STRICT_PROTOTYPES = YES;
				CLANG_WARN_SUSPICIOUS_MOVE = YES;
				CLANG_WARN_UNGUARDED_AVAILABILITY = YES_AGGRESSIVE;
				CLANG_WARN_UNREACHABLE_CODE = YES;
				CLANG_WARN__DUPLICATE_METHOD_MATCH = YES;
				COPY_PHASE_STRIP = NO;
				DEAD_CODE_STRIPPING = YES;
				DEBUG_INFORMATION_FORMAT = dwarf;
				ENABLE_STRICT_OBJC_MSGSEND = YES;
				ENABLE_TESTABILITY = YES;
				ENABLE_USER_SCRIPT_SANDBOXING = YES;
				GCC_C_LANGUAGE_STANDARD = gnu17;
				GCC_DYNAMIC_NO_PIC = NO;
				GCC_NO_COMMON_BLOCKS = YES;
				GCC_OPTIMIZATION_LEVEL = 0;
				GCC_PREPROCESSOR_DEFINITIONS = (
					"DEBUG=1",
					"$(inherited)",
				);
				GCC_WARN_64_TO_32_BIT_CONVERSION = YES;
				GCC_WARN_ABOUT_RETURN_TYPE = YES_ERROR;
				GCC_WARN_UNDECLARED_SELECTOR = YES;
				GCC_WARN_UNINITIALIZED_AUTOS = YES_AGGRESSIVE;
				GCC_WARN_UNUSED_FUNCTION = YES;
				GCC_WARN_UNUSED_VARIABLE = YES;
				LOCALIZATION_PREFERS_STRING_CATALOGS = YES;
				MACOSX_DEPLOYMENT_TARGET = 13.5;
				MTL_ENABLE_DEBUG_INFO = INCLUDE_SOURCE;
				MTL_FAST_MATH = YES;
				ONLY_ACTIVE_ARCH = YES;
				SDKROOT = macosx;
				SWIFT_ACTIVE_COMPILATION_CONDITIONS = "DEBUG $(inherited)";
				SWIFT_OPTIMIZATION_LEVEL = "-Onone";
			};
			name = Debug;
		};
		DE658D182AD6B0BE0006A5EE /* Release */ = {
			isa = XCBuildConfiguration;
			buildSettings = {
				ALWAYS_SEARCH_USER_PATHS = NO;
				ASSETCATALOG_COMPILER_GENERATE_SWIFT_ASSET_SYMBOL_EXTENSIONS = YES;
				CLANG_ANALYZER_NONNULL = YES;
				CLANG_ANALYZER_NUMBER_OBJECT_CONVERSION = YES_AGGRESSIVE;
				CLANG_CXX_LANGUAGE_STANDARD = "gnu++20";
				CLANG_ENABLE_MODULES = YES;
				CLANG_ENABLE_OBJC_ARC = YES;
				CLANG_ENABLE_OBJC_WEAK = YES;
				CLANG_WARN_BLOCK_CAPTURE_AUTORELEASING = YES;
				CLANG_WARN_BOOL_CONVERSION = YES;
				CLANG_WARN_COMMA = YES;
				CLANG_WARN_CONSTANT_CONVERSION = YES;
				CLANG_WARN_DEPRECATED_OBJC_IMPLEMENTATIONS = YES;
				CLANG_WARN_DIRECT_OBJC_ISA_USAGE = YES_ERROR;
				CLANG_WARN_DOCUMENTATION_COMMENTS = YES;
				CLANG_WARN_EMPTY_BODY = YES;
				CLANG_WARN_ENUM_CONVERSION = YES;
				CLANG_WARN_INFINITE_RECURSION = YES;
				CLANG_WARN_INT_CONVERSION = YES;
				CLANG_WARN_NON_LITERAL_NULL_CONVERSION = YES;
				CLANG_WARN_OBJC_IMPLICIT_RETAIN_SELF = YES;
				CLANG_WARN_OBJC_LITERAL_CONVERSION = YES;
				CLANG_WARN_OBJC_ROOT_CLASS = YES_ERROR;
				CLANG_WARN_QUOTED_INCLUDE_IN_FRAMEWORK_HEADER = YES;
				CLANG_WARN_RANGE_LOOP_ANALYSIS = YES;
				CLANG_WARN_STRICT_PROTOTYPES = YES;
				CLANG_WARN_SUSPICIOUS_MOVE = YES;
				CLANG_WARN_UNGUARDED_AVAILABILITY = YES_AGGRESSIVE;
				CLANG_WARN_UNREACHABLE_CODE = YES;
				CLANG_WARN__DUPLICATE_METHOD_MATCH = YES;
				COPY_PHASE_STRIP = NO;
				DEAD_CODE_STRIPPING = YES;
				DEBUG_INFORMATION_FORMAT = "dwarf-with-dsym";
				ENABLE_NS_ASSERTIONS = NO;
				ENABLE_STRICT_OBJC_MSGSEND = YES;
				ENABLE_USER_SCRIPT_SANDBOXING = YES;
				GCC_C_LANGUAGE_STANDARD = gnu17;
				GCC_NO_COMMON_BLOCKS = YES;
				GCC_WARN_64_TO_32_BIT_CONVERSION = YES;
				GCC_WARN_ABOUT_RETURN_TYPE = YES_ERROR;
				GCC_WARN_UNDECLARED_SELECTOR = YES;
				GCC_WARN_UNINITIALIZED_AUTOS = YES_AGGRESSIVE;
				GCC_WARN_UNUSED_FUNCTION = YES;
				GCC_WARN_UNUSED_VARIABLE = YES;
				LOCALIZATION_PREFERS_STRING_CATALOGS = YES;
				MACOSX_DEPLOYMENT_TARGET = 13.5;
				MTL_ENABLE_DEBUG_INFO = NO;
				MTL_FAST_MATH = YES;
				SDKROOT = macosx;
				SWIFT_COMPILATION_MODE = wholemodule;
			};
			name = Release;
		};
		DE658D1A2AD6B0BE0006A5EE /* Debug */ = {
			isa = XCBuildConfiguration;
			buildSettings = {
				ASSETCATALOG_COMPILER_APPICON_NAME = AppIcon;
				ASSETCATALOG_COMPILER_GLOBAL_ACCENT_COLOR_NAME = AccentColor;
				ASSETCATALOG_COMPILER_INCLUDE_ALL_APPICON_ASSETS = NO;
				CODE_SIGN_ENTITLEMENTS = slideshowSwiftUI/slideshowSwiftUI.entitlements;
				CODE_SIGN_IDENTITY = "Apple Development";
				CODE_SIGN_STYLE = Automatic;
				COMBINE_HIDPI_IMAGES = YES;
				CURRENT_PROJECT_VERSION = 2;
				DEAD_CODE_STRIPPING = YES;
				DEVELOPMENT_ASSET_PATHS = "\"slideshowSwiftUI/Preview Content\"";
				DEVELOPMENT_TEAM = S6G3AC3FSS;
				ENABLE_HARDENED_RUNTIME = YES;
				ENABLE_PREVIEWS = YES;
				GENERATE_INFOPLIST_FILE = YES;
				INFOPLIST_FILE = slideshowSwiftUI/Info.plist;
				INFOPLIST_KEY_CFBundleDisplayName = "Slideshower for macOS";
				INFOPLIST_KEY_LSApplicationCategoryType = "public.app-category.utilities";
				INFOPLIST_KEY_NSHumanReadableCopyright = "";
				INFOPLIST_KEY_UIUserInterfaceStyle = Light;
				LD_RUNPATH_SEARCH_PATHS = (
					"$(inherited)",
					"@executable_path/../Frameworks",
				);
				MACOSX_DEPLOYMENT_TARGET = 13.5;
				MARKETING_VERSION = 1.9;
				PRODUCT_BUNDLE_IDENTIFIER = trybulski.slideshower;
				PRODUCT_NAME = "$(TARGET_NAME)";
				PROVISIONING_PROFILE_SPECIFIER = "";
				SWIFT_EMIT_LOC_STRINGS = YES;
				SWIFT_VERSION = 5.0;
			};
			name = Debug;
		};
		DE658D1B2AD6B0BE0006A5EE /* Release */ = {
			isa = XCBuildConfiguration;
			buildSettings = {
				ASSETCATALOG_COMPILER_APPICON_NAME = AppIcon;
				ASSETCATALOG_COMPILER_GLOBAL_ACCENT_COLOR_NAME = AccentColor;
				ASSETCATALOG_COMPILER_INCLUDE_ALL_APPICON_ASSETS = NO;
				CODE_SIGN_ENTITLEMENTS = slideshowSwiftUI/slideshowSwiftUI.entitlements;
				CODE_SIGN_IDENTITY = "Apple Development";
				CODE_SIGN_STYLE = Automatic;
				COMBINE_HIDPI_IMAGES = YES;
				CURRENT_PROJECT_VERSION = 2;
				DEAD_CODE_STRIPPING = YES;
				DEVELOPMENT_ASSET_PATHS = "\"slideshowSwiftUI/Preview Content\"";
				DEVELOPMENT_TEAM = S6G3AC3FSS;
				ENABLE_HARDENED_RUNTIME = YES;
				ENABLE_PREVIEWS = YES;
				GENERATE_INFOPLIST_FILE = YES;
				INFOPLIST_FILE = slideshowSwiftUI/Info.plist;
				INFOPLIST_KEY_CFBundleDisplayName = "Slideshower for macOS";
				INFOPLIST_KEY_LSApplicationCategoryType = "public.app-category.utilities";
				INFOPLIST_KEY_NSHumanReadableCopyright = "";
				INFOPLIST_KEY_UIUserInterfaceStyle = Light;
				LD_RUNPATH_SEARCH_PATHS = (
					"$(inherited)",
					"@executable_path/../Frameworks",
				);
				MACOSX_DEPLOYMENT_TARGET = 13.5;
				MARKETING_VERSION = 1.9;
				PRODUCT_BUNDLE_IDENTIFIER = trybulski.slideshower;
				PRODUCT_NAME = "$(TARGET_NAME)";
				PROVISIONING_PROFILE_SPECIFIER = "";
				SWIFT_EMIT_LOC_STRINGS = YES;
				SWIFT_VERSION = 5.0;
			};
			name = Release;
		};
/* End XCBuildConfiguration section */

/* Begin XCConfigurationList section */
		DE658D052AD6B0BE0006A5EE /* Build configuration list for PBXProject "Slideshower for macOS" */ = {
			isa = XCConfigurationList;
			buildConfigurations = (
				DE658D172AD6B0BE0006A5EE /* Debug */,
				DE658D182AD6B0BE0006A5EE /* Release */,
			);
			defaultConfigurationIsVisible = 0;
			defaultConfigurationName = Release;
		};
		DE658D192AD6B0BE0006A5EE /* Build configuration list for PBXNativeTarget "Slideshower for macOS" */ = {
			isa = XCConfigurationList;
			buildConfigurations = (
				DE658D1A2AD6B0BE0006A5EE /* Debug */,
				DE658D1B2AD6B0BE0006A5EE /* Release */,
			);
			defaultConfigurationIsVisible = 0;
			defaultConfigurationName = Release;
		};
/* End XCConfigurationList section */

/* Begin XCRemoteSwiftPackageReference section */
		DE36F29E2B1383EE005443F4 /* XCRemoteSwiftPackageReference "countly-sdk-ios" */ = {
			isa = XCRemoteSwiftPackageReference;
			repositoryURL = "https://github.com/Countly/countly-sdk-ios.git";
			requirement = {
				kind = upToNextMajorVersion;
				minimumVersion = 23.8.3;
			};
		};
		DED7DC802B2DE14100B9CD6B /* XCRemoteSwiftPackageReference "Sparkle" */ = {
			isa = XCRemoteSwiftPackageReference;
			repositoryURL = "https://github.com/sparkle-project/Sparkle.git";
			requirement = {
				kind = upToNextMajorVersion;
				minimumVersion = 2.5.1;
			};
		};
/* End XCRemoteSwiftPackageReference section */

/* Begin XCSwiftPackageProductDependency section */
		DE36F29F2B1383EE005443F4 /* Countly */ = {
			isa = XCSwiftPackageProductDependency;
			package = DE36F29E2B1383EE005443F4 /* XCRemoteSwiftPackageReference "countly-sdk-ios" */;
			productName = Countly;
		};
		DED7DC812B2DE14100B9CD6B /* Sparkle */ = {
			isa = XCSwiftPackageProductDependency;
			package = DED7DC802B2DE14100B9CD6B /* XCRemoteSwiftPackageReference "Sparkle" */;
			productName = Sparkle;
		};
/* End XCSwiftPackageProductDependency section */
	};
	rootObject = DE658D022AD6B0BE0006A5EE /* Project object */;
}
